{
  "version": 4,
  "terraform_version": "1.3.2",
  "serial": 2,
  "lineage": "0de9e121-5a45-65eb-e0a6-3acd147b0979",
  "outputs": {},
  "resources": [
    {
      "mode": "managed",
      "type": "azurerm_user_assigned_identity",
      "name": "uai",
      "provider": "provider[\"registry.terraform.io/hashicorp/azurerm\"]",
      "instances": [
        {
          "schema_version": 1,
          "attributes": {
            "client_id": "e3360d54-0921-4e4f-a0ce-8eb5b829f28e",
            "id": "/subscriptions/dcd2c118-9f88-4a53-8b1b-fbc235ad0bef/resourceGroups/rg1/providers/Microsoft.ManagedIdentity/userAssignedIdentities/uai",
            "location": "eastus",
            "name": "uai",
            "principal_id": "54a3683a-39c7-4f56-a782-a4a9895cfb70",
            "resource_group_name": "rg1",
            "tags": {
              "contact_email": "aswini.chirumamilla@gds.ey.com",
              "contact_name": "aswini",
              "project_name": "CIL",
              "region": "East US"
            },
            "tenant_id": "8836bc45-fd11-4149-891a-9128540cacdd",
            "timeouts": null
          },
          "sensitive_attributes": [],
          "private": "eyJlMmJmYjczMC1lY2FhLTExZTYtOGY4OC0zNDM2M2JjN2M0YzAiOnsiY3JlYXRlIjoxODAwMDAwMDAwMDAwLCJkZWxldGUiOjE4MDAwMDAwMDAwMDAsInJlYWQiOjMwMDAwMDAwMDAwMCwidXBkYXRlIjoxODAwMDAwMDAwMDAwfSwic2NoZW1hX3ZlcnNpb24iOiIxIn0="
        }
      ]
    }
  ],
  "check_results": []
}
